
Microsoft Visual Studio Solution File, Format Version 12.00
# Visual Studio Version 17
VisualStudioVersion = 17.10.34928.147
MinimumVisualStudioVersion = 10.0.40219.1
Project("{FAE04EC0-301F-11D3-BF4B-00C04F79EFBC}") = "1D2DArray", "1D2DArray.csproj", "{8584837B-9AA5-45C1-924B-DC3246913EDA}"
EndProject
Global
	GlobalSection(SolutionConfigurationPlatforms) = preSolution
		Debug|Any CPU = Debug|Any CPU
		Release|Any CPU = Release|Any CPU
	EndGlobalSection
	GlobalSection(ProjectConfigurationPlatforms) = postSolution
		{8584837B-9AA5-45C1-924B-DC3246913EDA}.Debug|Any CPU.ActiveCfg = Debug|Any CPU
		{8584837B-9AA5-45C1-924B-DC3246913EDA}.Debug|Any CPU.Build.0 = Debug|Any CPU
		{8584837B-9AA5-45C1-924B-DC3246913EDA}.Release|Any CPU.ActiveCfg = Release|Any CPU
		{8584837B-9AA5-45C1-924B-DC3246913EDA}.Release|Any CPU.Build.0 = Release|Any CPU
	EndGlobalSection
	GlobalSection(SolutionProperties) = preSolution
		HideSolutionNode = FALSE
	EndGlobalSection
	GlobalSection(ExtensibilityGlobals) = postSolution
		SolutionGuid = {24890ABA-B2A5-42A7-A90B-556CE57A1CA3}
	EndGlobalSection
EndGlobal
