
Microsoft Visual Studio Solution File, Format Version 12.00
# Visual Studio Version 17
VisualStudioVersion = 17.10.34928.147
MinimumVisualStudioVersion = 10.0.40219.1
Project("{FAE04EC0-301F-11D3-BF4B-00C04F79EFBC}") = "InterfaceProperties", "InterfaceProperties.csproj", "{F9EFC37C-E5AC-4CC3-BBE2-D68F42FAA0B6}"
EndProject
Global
	GlobalSection(SolutionConfigurationPlatforms) = preSolution
		Debug|Any CPU = Debug|Any CPU
		Release|Any CPU = Release|Any CPU
	EndGlobalSection
	GlobalSection(ProjectConfigurationPlatforms) = postSolution
		{F9EFC37C-E5AC-4CC3-BBE2-D68F42FAA0B6}.Debug|Any CPU.ActiveCfg = Debug|Any CPU
		{F9EFC37C-E5AC-4CC3-BBE2-D68F42FAA0B6}.Debug|Any CPU.Build.0 = Debug|Any CPU
		{F9EFC37C-E5AC-4CC3-BBE2-D68F42FAA0B6}.Release|Any CPU.ActiveCfg = Release|Any CPU
		{F9EFC37C-E5AC-4CC3-BBE2-D68F42FAA0B6}.Release|Any CPU.Build.0 = Release|Any CPU
	EndGlobalSection
	GlobalSection(SolutionProperties) = preSolution
		HideSolutionNode = FALSE
	EndGlobalSection
	GlobalSection(ExtensibilityGlobals) = postSolution
		SolutionGuid = {8F4079C1-0B9B-42EB-A6B2-E43DC638BC3D}
	EndGlobalSection
EndGlobal
